<?xml version="1.0" encoding="utf-8"?>
<Project ToolsVersion="4.0" xmlns="http://schemas.microsoft.com/developer/msbuild/2003">
  <ItemGroup>
    <Filter Include="Nocturnal">
      <UniqueIdentifier>{1BC573BC-872F-2833-D06D-D9D83C170688}</UniqueIdentifier>
    </Filter>
    <Filter Include="Nocturnal\Events">
      <UniqueIdentifier>{9F444B3C-8B3D-6A8E-B46F-4F13A0C7499A}</UniqueIdentifier>
    </Filter>
  </ItemGroup>
  <ItemGroup>
    <ClInclude Include="src\Nocturnal.h" />
    <ClInclude Include="src\Nocturnal\Application.h">
      <Filter>Nocturnal</Filter>
    </ClInclude>
    <ClInclude Include="src\Nocturnal\Core.h">
      <Filter>Nocturnal</Filter>
    </ClInclude>
    <ClInclude Include="src\Nocturnal\EntryPoint.h">
      <Filter>Nocturnal</Filter>
    </ClInclude>
    <ClInclude Include="src\Nocturnal\Events\ApplicationEvent.h">
      <Filter>Nocturnal\Events</Filter>
    </ClInclude>
    <ClInclude Include="src\Nocturnal\Events\Event.h">
      <Filter>Nocturnal\Events</Filter>
    </ClInclude>
    <ClInclude Include="src\Nocturnal\Events\KeyEvent.h">
      <Filter>Nocturnal\Events</Filter>
    </ClInclude>
    <ClInclude Include="src\Nocturnal\Events\MouseEvent.h">
      <Filter>Nocturnal\Events</Filter>
    </ClInclude>
    <ClInclude Include="src\Nocturnal\Log.h">
      <Filter>Nocturnal</Filter>
    </ClInclude>
    <ClInclude Include="src\NocturnalPrecompiledHeaders.h" />
    <ClInclude Include="src\Nocturnal\Window.h" />
    <ClInclude Include="src\Nocturnal\Platform\Windows\WindowsWindow.h" />
  </ItemGroup>
  <ItemGroup>
    <ClCompile Include="src\Nocturnal\Application.cpp">
      <Filter>Nocturnal</Filter>
    </ClCompile>
    <ClCompile Include="src\Nocturnal\Log.cpp">
      <Filter>Nocturnal</Filter>
    </ClCompile>
    <ClCompile Include="src\NocturnalPrecompiledHeaders.cpp" />
    <ClCompile Include="src\Nocturnal\Platform\Windows\WindowsWindow.cpp" />
  </ItemGroup>
</Project>