
Microsoft Visual Studio Solution File, Format Version 12.00
# Visual Studio Version 16
VisualStudioVersion = 16.0.30804.86
MinimumVisualStudioVersion = 10.0.40219.1
Project("{8BC9CEB8-8B4A-11D0-8D11-00A0C91BC942}") = "Sandbox", "Sandbox\Sandbox.vcxproj", "{6EC5FCE5-9968-4B2B-B79B-CB93E9184466}"
EndProject
Project("{8BC9CEB8-8B4A-11D0-8D11-00A0C91BC942}") = "Nocturnal", "Nocturnal\Nocturnal.vcxproj", "{527567F3-0856-4A6C-83C8-45CE10F2B2A2}"
EndProject
Global
	GlobalSection(SolutionConfigurationPlatforms) = preSolution
		Debug|x64 = Debug|x64
		Release|x64 = Release|x64
	EndGlobalSection
	GlobalSection(ProjectConfigurationPlatforms) = postSolution
		{527567F3-0856-4A6C-83C8-45CE10F2B2A2}.Debug|x64.ActiveCfg = Debug|x64
		{527567F3-0856-4A6C-83C8-45CE10F2B2A2}.Debug|x64.Build.0 = Debug|x64
		{527567F3-0856-4A6C-83C8-45CE10F2B2A2}.Release|x64.ActiveCfg = Release|x64
		{527567F3-0856-4A6C-83C8-45CE10F2B2A2}.Release|x64.Build.0 = Release|x64
		{6EC5FCE5-9968-4B2B-B79B-CB93E9184466}.Debug|x64.ActiveCfg = Debug|x64
		{6EC5FCE5-9968-4B2B-B79B-CB93E9184466}.Debug|x64.Build.0 = Debug|x64
		{6EC5FCE5-9968-4B2B-B79B-CB93E9184466}.Release|x64.ActiveCfg = Release|x64
		{6EC5FCE5-9968-4B2B-B79B-CB93E9184466}.Release|x64.Build.0 = Release|x64
	EndGlobalSection
	GlobalSection(SolutionProperties) = preSolution
		HideSolutionNode = FALSE
	EndGlobalSection
	GlobalSection(ExtensibilityGlobals) = postSolution
		SolutionGuid = {435445A7-EC63-4421-922A-16BBDCAA656B}
	EndGlobalSection
EndGlobal
